
Microsoft Visual Studio Solution File, Format Version 12.00
# Visual Studio Version 17
VisualStudioVersion = 17.10.34928.147
MinimumVisualStudioVersion = 10.0.40219.1
Project("{FAE04EC0-301F-11D3-BF4B-00C04F79EFBC}") = "HW10Events", "HW10Events.csproj", "{300DF35E-74C7-4FF1-9374-20434757EC6D}"
EndProject
Global
	GlobalSection(SolutionConfigurationPlatforms) = preSolution
		Debug|Any CPU = Debug|Any CPU
		Release|Any CPU = Release|Any CPU
	EndGlobalSection
	GlobalSection(ProjectConfigurationPlatforms) = postSolution
		{300DF35E-74C7-4FF1-9374-20434757EC6D}.Debug|Any CPU.ActiveCfg = Debug|Any CPU
		{300DF35E-74C7-4FF1-9374-20434757EC6D}.Debug|Any CPU.Build.0 = Debug|Any CPU
		{300DF35E-74C7-4FF1-9374-20434757EC6D}.Release|Any CPU.ActiveCfg = Release|Any CPU
		{300DF35E-74C7-4FF1-9374-20434757EC6D}.Release|Any CPU.Build.0 = Release|Any CPU
	EndGlobalSection
	GlobalSection(SolutionProperties) = preSolution
		HideSolutionNode = FALSE
	EndGlobalSection
	GlobalSection(ExtensibilityGlobals) = postSolution
		SolutionGuid = {F1C3E05B-CABF-4229-AA2C-3DFF369646F5}
	EndGlobalSection
EndGlobal
