
Microsoft Visual Studio Solution File, Format Version 12.00
# Visual Studio Version 17
VisualStudioVersion = 17.10.35201.131
MinimumVisualStudioVersion = 10.0.40219.1
Project("{FAE04EC0-301F-11D3-BF4B-00C04F79EFBC}") = "Collection_of_Problems_on_Recursion", "Collection_of_Problems_on_Recursion.csproj", "{9CACD7F9-8ACF-4583-8CF3-635896411FAE}"
EndProject
Global
	GlobalSection(SolutionConfigurationPlatforms) = preSolution
		Debug|Any CPU = Debug|Any CPU
		Release|Any CPU = Release|Any CPU
	EndGlobalSection
	GlobalSection(ProjectConfigurationPlatforms) = postSolution
		{9CACD7F9-8ACF-4583-8CF3-635896411FAE}.Debug|Any CPU.ActiveCfg = Debug|Any CPU
		{9CACD7F9-8ACF-4583-8CF3-635896411FAE}.Debug|Any CPU.Build.0 = Debug|Any CPU
		{9CACD7F9-8ACF-4583-8CF3-635896411FAE}.Release|Any CPU.ActiveCfg = Release|Any CPU
		{9CACD7F9-8ACF-4583-8CF3-635896411FAE}.Release|Any CPU.Build.0 = Release|Any CPU
	EndGlobalSection
	GlobalSection(SolutionProperties) = preSolution
		HideSolutionNode = FALSE
	EndGlobalSection
	GlobalSection(ExtensibilityGlobals) = postSolution
		SolutionGuid = {00169118-DAB7-4C77-B44E-8B4AC7F6B393}
	EndGlobalSection
EndGlobal
