
Microsoft Visual Studio Solution File, Format Version 12.00
# Visual Studio Version 17
VisualStudioVersion = 17.11.35431.28
MinimumVisualStudioVersion = 10.0.40219.1
Project("{FAE04EC0-301F-11D3-BF4B-00C04F79EFBC}") = "Ext_Stack_Remove_element_incondition", "Ext_Stack_Remove_element_incondition.csproj", "{AF6BCF7F-B710-4B18-8EBE-6B4EA4F5B1A3}"
EndProject
Global
	GlobalSection(SolutionConfigurationPlatforms) = preSolution
		Debug|Any CPU = Debug|Any CPU
		Release|Any CPU = Release|Any CPU
	EndGlobalSection
	GlobalSection(ProjectConfigurationPlatforms) = postSolution
		{AF6BCF7F-B710-4B18-8EBE-6B4EA4F5B1A3}.Debug|Any CPU.ActiveCfg = Debug|Any CPU
		{AF6BCF7F-B710-4B18-8EBE-6B4EA4F5B1A3}.Debug|Any CPU.Build.0 = Debug|Any CPU
		{AF6BCF7F-B710-4B18-8EBE-6B4EA4F5B1A3}.Release|Any CPU.ActiveCfg = Release|Any CPU
		{AF6BCF7F-B710-4B18-8EBE-6B4EA4F5B1A3}.Release|Any CPU.Build.0 = Release|Any CPU
	EndGlobalSection
	GlobalSection(SolutionProperties) = preSolution
		HideSolutionNode = FALSE
	EndGlobalSection
	GlobalSection(ExtensibilityGlobals) = postSolution
		SolutionGuid = {208CD1B6-D593-435B-AC11-09D19A2492E9}
	EndGlobalSection
EndGlobal
