
Microsoft Visual Studio Solution File, Format Version 12.00
# Visual Studio Version 17
VisualStudioVersion = 17.10.35201.131
MinimumVisualStudioVersion = 10.0.40219.1
Project("{FAE04EC0-301F-11D3-BF4B-00C04F79EFBC}") = "GeneratingRandomNumber(simple_task)", "GeneratingRandomNumber(simple_task).csproj", "{23AED28B-44D4-45BA-A30F-D06CE6A4A352}"
EndProject
Global
	GlobalSection(SolutionConfigurationPlatforms) = preSolution
		Debug|Any CPU = Debug|Any CPU
		Release|Any CPU = Release|Any CPU
	EndGlobalSection
	GlobalSection(ProjectConfigurationPlatforms) = postSolution
		{23AED28B-44D4-45BA-A30F-D06CE6A4A352}.Debug|Any CPU.ActiveCfg = Debug|Any CPU
		{23AED28B-44D4-45BA-A30F-D06CE6A4A352}.Debug|Any CPU.Build.0 = Debug|Any CPU
		{23AED28B-44D4-45BA-A30F-D06CE6A4A352}.Release|Any CPU.ActiveCfg = Release|Any CPU
		{23AED28B-44D4-45BA-A30F-D06CE6A4A352}.Release|Any CPU.Build.0 = Release|Any CPU
	EndGlobalSection
	GlobalSection(SolutionProperties) = preSolution
		HideSolutionNode = FALSE
	EndGlobalSection
	GlobalSection(ExtensibilityGlobals) = postSolution
		SolutionGuid = {CA42C80C-B113-41F0-8469-0FB003D19B39}
	EndGlobalSection
EndGlobal
