
Microsoft Visual Studio Solution File, Format Version 12.00
# Visual Studio Version 16
VisualStudioVersion = 16.0.30907.101
MinimumVisualStudioVersion = 10.0.40219.1
Project("{FAE04EC0-301F-11D3-BF4B-00C04F79EFBC}") = "3TierFakeDB-CORE", "3TierFakeDB-CORE\3TierFakeDB-CORE.csproj", "{4A5CBD4F-CA7B-4A6A-94D1-8017795BDAA2}"
EndProject
Project("{FAE04EC0-301F-11D3-BF4B-00C04F79EFBC}") = "BusTierLibary", "BusTierLibary\BusTierLibary.csproj", "{D510B7E0-9A6D-4186-8CFB-6FE5D44E3A8A}"
EndProject
Project("{FAE04EC0-301F-11D3-BF4B-00C04F79EFBC}") = "DataModelClassLibrary", "DataModelClassLibrary\DataModelClassLibrary.csproj", "{8AFAC6AC-9730-4BFE-A059-DE628C9CD67E}"
EndProject
Global
	GlobalSection(SolutionConfigurationPlatforms) = preSolution
		Debug|Any CPU = Debug|Any CPU
		Release|Any CPU = Release|Any CPU
	EndGlobalSection
	GlobalSection(ProjectConfigurationPlatforms) = postSolution
		{4A5CBD4F-CA7B-4A6A-94D1-8017795BDAA2}.Debug|Any CPU.ActiveCfg = Debug|Any CPU
		{4A5CBD4F-CA7B-4A6A-94D1-8017795BDAA2}.Debug|Any CPU.Build.0 = Debug|Any CPU
		{4A5CBD4F-CA7B-4A6A-94D1-8017795BDAA2}.Release|Any CPU.ActiveCfg = Release|Any CPU
		{4A5CBD4F-CA7B-4A6A-94D1-8017795BDAA2}.Release|Any CPU.Build.0 = Release|Any CPU
		{D510B7E0-9A6D-4186-8CFB-6FE5D44E3A8A}.Debug|Any CPU.ActiveCfg = Debug|Any CPU
		{D510B7E0-9A6D-4186-8CFB-6FE5D44E3A8A}.Debug|Any CPU.Build.0 = Debug|Any CPU
		{D510B7E0-9A6D-4186-8CFB-6FE5D44E3A8A}.Release|Any CPU.ActiveCfg = Release|Any CPU
		{D510B7E0-9A6D-4186-8CFB-6FE5D44E3A8A}.Release|Any CPU.Build.0 = Release|Any CPU
		{8AFAC6AC-9730-4BFE-A059-DE628C9CD67E}.Debug|Any CPU.ActiveCfg = Debug|Any CPU
		{8AFAC6AC-9730-4BFE-A059-DE628C9CD67E}.Debug|Any CPU.Build.0 = Debug|Any CPU
		{8AFAC6AC-9730-4BFE-A059-DE628C9CD67E}.Release|Any CPU.ActiveCfg = Release|Any CPU
		{8AFAC6AC-9730-4BFE-A059-DE628C9CD67E}.Release|Any CPU.Build.0 = Release|Any CPU
	EndGlobalSection
	GlobalSection(SolutionProperties) = preSolution
		HideSolutionNode = FALSE
	EndGlobalSection
	GlobalSection(ExtensibilityGlobals) = postSolution
		SolutionGuid = {5BBC633B-296F-4E5D-A69C-829BC2FB5F5D}
	EndGlobalSection
EndGlobal
