
Microsoft Visual Studio Solution File, Format Version 12.00
# Visual Studio Version 17
VisualStudioVersion = 17.11.35431.28
MinimumVisualStudioVersion = 10.0.40219.1
Project("{FAE04EC0-301F-11D3-BF4B-00C04F79EFBC}") = "Stack_Sort+Ascending", "Stack_Sort+Ascending.csproj", "{E523A6ED-B6F2-4AAC-8DA2-17065621737C}"
EndProject
Global
	GlobalSection(SolutionConfigurationPlatforms) = preSolution
		Debug|Any CPU = Debug|Any CPU
		Release|Any CPU = Release|Any CPU
	EndGlobalSection
	GlobalSection(ProjectConfigurationPlatforms) = postSolution
		{E523A6ED-B6F2-4AAC-8DA2-17065621737C}.Debug|Any CPU.ActiveCfg = Debug|Any CPU
		{E523A6ED-B6F2-4AAC-8DA2-17065621737C}.Debug|Any CPU.Build.0 = Debug|Any CPU
		{E523A6ED-B6F2-4AAC-8DA2-17065621737C}.Release|Any CPU.ActiveCfg = Release|Any CPU
		{E523A6ED-B6F2-4AAC-8DA2-17065621737C}.Release|Any CPU.Build.0 = Release|Any CPU
	EndGlobalSection
	GlobalSection(SolutionProperties) = preSolution
		HideSolutionNode = FALSE
	EndGlobalSection
	GlobalSection(ExtensibilityGlobals) = postSolution
		SolutionGuid = {DC9B73B8-3DA8-40C8-AEFF-D865ACBAB1B8}
	EndGlobalSection
EndGlobal
