
Microsoft Visual Studio Solution File, Format Version 12.00
# Visual Studio Version 17
VisualStudioVersion = 17.10.34928.147
MinimumVisualStudioVersion = 10.0.40219.1
Project("{FAE04EC0-301F-11D3-BF4B-00C04F79EFBC}") = "SimpleTryCatchException", "SimpleTryCatchException.csproj", "{DED3C2CF-A90C-4B65-B38A-EE0062CCE9E9}"
EndProject
Global
	GlobalSection(SolutionConfigurationPlatforms) = preSolution
		Debug|Any CPU = Debug|Any CPU
		Release|Any CPU = Release|Any CPU
	EndGlobalSection
	GlobalSection(ProjectConfigurationPlatforms) = postSolution
		{DED3C2CF-A90C-4B65-B38A-EE0062CCE9E9}.Debug|Any CPU.ActiveCfg = Debug|Any CPU
		{DED3C2CF-A90C-4B65-B38A-EE0062CCE9E9}.Debug|Any CPU.Build.0 = Debug|Any CPU
		{DED3C2CF-A90C-4B65-B38A-EE0062CCE9E9}.Release|Any CPU.ActiveCfg = Release|Any CPU
		{DED3C2CF-A90C-4B65-B38A-EE0062CCE9E9}.Release|Any CPU.Build.0 = Release|Any CPU
	EndGlobalSection
	GlobalSection(SolutionProperties) = preSolution
		HideSolutionNode = FALSE
	EndGlobalSection
	GlobalSection(ExtensibilityGlobals) = postSolution
		SolutionGuid = {E5E7D03C-5B91-46A0-A097-F7C034533A06}
	EndGlobalSection
EndGlobal
