
Microsoft Visual Studio Solution File, Format Version 12.00
# Visual Studio Version 17
VisualStudioVersion = 17.11.35431.28
MinimumVisualStudioVersion = 10.0.40219.1
Project("{FAE04EC0-301F-11D3-BF4B-00C04F79EFBC}") = "EvaluatingTwoIntegerBool", "EvaluatingTwoIntegerBool.csproj", "{2BAC8133-9A8D-4661-A9A4-7FC23FBDA06F}"
EndProject
Global
	GlobalSection(SolutionConfigurationPlatforms) = preSolution
		Debug|Any CPU = Debug|Any CPU
		Release|Any CPU = Release|Any CPU
	EndGlobalSection
	GlobalSection(ProjectConfigurationPlatforms) = postSolution
		{2BAC8133-9A8D-4661-A9A4-7FC23FBDA06F}.Debug|Any CPU.ActiveCfg = Debug|Any CPU
		{2BAC8133-9A8D-4661-A9A4-7FC23FBDA06F}.Debug|Any CPU.Build.0 = Debug|Any CPU
		{2BAC8133-9A8D-4661-A9A4-7FC23FBDA06F}.Release|Any CPU.ActiveCfg = Release|Any CPU
		{2BAC8133-9A8D-4661-A9A4-7FC23FBDA06F}.Release|Any CPU.Build.0 = Release|Any CPU
	EndGlobalSection
	GlobalSection(SolutionProperties) = preSolution
		HideSolutionNode = FALSE
	EndGlobalSection
	GlobalSection(ExtensibilityGlobals) = postSolution
		SolutionGuid = {40E62481-9CFD-47FA-BE84-5D739A7D670A}
	EndGlobalSection
EndGlobal
