
Microsoft Visual Studio Solution File, Format Version 12.00
# Visual Studio Version 17
VisualStudioVersion = 17.11.35431.28
MinimumVisualStudioVersion = 10.0.40219.1
Project("{FAE04EC0-301F-11D3-BF4B-00C04F79EFBC}") = "_Stack_Reverse", "_Stack_Reverse.csproj", "{828C7A4F-3248-4215-8293-A140E5BE32B5}"
EndProject
Global
	GlobalSection(SolutionConfigurationPlatforms) = preSolution
		Debug|Any CPU = Debug|Any CPU
		Release|Any CPU = Release|Any CPU
	EndGlobalSection
	GlobalSection(ProjectConfigurationPlatforms) = postSolution
		{828C7A4F-3248-4215-8293-A140E5BE32B5}.Debug|Any CPU.ActiveCfg = Debug|Any CPU
		{828C7A4F-3248-4215-8293-A140E5BE32B5}.Debug|Any CPU.Build.0 = Debug|Any CPU
		{828C7A4F-3248-4215-8293-A140E5BE32B5}.Release|Any CPU.ActiveCfg = Release|Any CPU
		{828C7A4F-3248-4215-8293-A140E5BE32B5}.Release|Any CPU.Build.0 = Release|Any CPU
	EndGlobalSection
	GlobalSection(SolutionProperties) = preSolution
		HideSolutionNode = FALSE
	EndGlobalSection
	GlobalSection(ExtensibilityGlobals) = postSolution
		SolutionGuid = {59068965-AD96-44E7-9FA2-6239E349CCF3}
	EndGlobalSection
EndGlobal
